
Microsoft Visual Studio Solution File, Format Version 12.00
# Visual Studio Version 17
VisualStudioVersion = 17.14.36429.23 d17.14
MinimumVisualStudioVersion = 10.0.40219.1
Project("{FAE04EC0-301F-11D3-BF4B-00C04F79EFBC}") = "StudentAttendanceMgntSys", "StudentAttendanceMgntSys\StudentAttendanceMgntSys.csproj", "{75D17091-F222-436F-A71A-CA9A6476920E}"
EndProject
Global
	GlobalSection(SolutionConfigurationPlatforms) = preSolution
		Debug|Any CPU = Debug|Any CPU
		Release|Any CPU = Release|Any CPU
	EndGlobalSection
	GlobalSection(ProjectConfigurationPlatforms) = postSolution
		{75D17091-F222-436F-A71A-CA9A6476920E}.Debug|Any CPU.ActiveCfg = Debug|Any CPU
		{75D17091-F222-436F-A71A-CA9A6476920E}.Debug|Any CPU.Build.0 = Debug|Any CPU
		{75D17091-F222-436F-A71A-CA9A6476920E}.Release|Any CPU.ActiveCfg = Release|Any CPU
		{75D17091-F222-436F-A71A-CA9A6476920E}.Release|Any CPU.Build.0 = Release|Any CPU
	EndGlobalSection
	GlobalSection(SolutionProperties) = preSolution
		HideSolutionNode = FALSE
	EndGlobalSection
	GlobalSection(ExtensibilityGlobals) = postSolution
		SolutionGuid = {48B51B04-5D94-47DC-8F16-C1847A4DB056}
	EndGlobalSection
EndGlobal
